
Microsoft Visual Studio Solution File, Format Version 12.00
# Visual Studio Version 17
VisualStudioVersion = 17.14.36301.6 d17.14
MinimumVisualStudioVersion = 10.0.40219.1
Project("{FAE04EC0-301F-11D3-BF4B-00C04F79EFBC}") = "AppCore", "AppCore\AppCore.csproj", "{65C0B5C1-B08C-4685-95B1-BF40C4A691F4}"
EndProject
Project("{FAE04EC0-301F-11D3-BF4B-00C04F79EFBC}") = "AppEntity", "AppEntity\AppEntity.csproj", "{5C812097-C255-4456-962D-22ED1E58F762}"
EndProject
Project("{FAE04EC0-301F-11D3-BF4B-00C04F79EFBC}") = "AppData", "AppData\AppData.csproj", "{0C53FE45-BDFE-487B-9D2F-B2245E87B1F3}"
EndProject
Project("{FAE04EC0-301F-11D3-BF4B-00C04F79EFBC}") = "AppService", "AppService\AppService.csproj", "{16EE7C3C-2005-433E-B895-2BE3C01A970D}"
EndProject
Project("{FAE04EC0-301F-11D3-BF4B-00C04F79EFBC}") = "AppWeb", "AppWeb\AppWeb.csproj", "{42153E02-8F38-4A74-A7C0-26DA11C63A7A}"
EndProject
Global
	GlobalSection(SolutionConfigurationPlatforms) = preSolution
		Debug|Any CPU = Debug|Any CPU
		Release|Any CPU = Release|Any CPU
	EndGlobalSection
	GlobalSection(ProjectConfigurationPlatforms) = postSolution
		{65C0B5C1-B08C-4685-95B1-BF40C4A691F4}.Debug|Any CPU.ActiveCfg = Debug|Any CPU
		{65C0B5C1-B08C-4685-95B1-BF40C4A691F4}.Debug|Any CPU.Build.0 = Debug|Any CPU
		{65C0B5C1-B08C-4685-95B1-BF40C4A691F4}.Release|Any CPU.ActiveCfg = Release|Any CPU
		{65C0B5C1-B08C-4685-95B1-BF40C4A691F4}.Release|Any CPU.Build.0 = Release|Any CPU
		{5C812097-C255-4456-962D-22ED1E58F762}.Debug|Any CPU.ActiveCfg = Debug|Any CPU
		{5C812097-C255-4456-962D-22ED1E58F762}.Debug|Any CPU.Build.0 = Debug|Any CPU
		{5C812097-C255-4456-962D-22ED1E58F762}.Release|Any CPU.ActiveCfg = Release|Any CPU
		{5C812097-C255-4456-962D-22ED1E58F762}.Release|Any CPU.Build.0 = Release|Any CPU
		{0C53FE45-BDFE-487B-9D2F-B2245E87B1F3}.Debug|Any CPU.ActiveCfg = Debug|Any CPU
		{0C53FE45-BDFE-487B-9D2F-B2245E87B1F3}.Debug|Any CPU.Build.0 = Debug|Any CPU
		{0C53FE45-BDFE-487B-9D2F-B2245E87B1F3}.Release|Any CPU.ActiveCfg = Release|Any CPU
		{0C53FE45-BDFE-487B-9D2F-B2245E87B1F3}.Release|Any CPU.Build.0 = Release|Any CPU
		{16EE7C3C-2005-433E-B895-2BE3C01A970D}.Debug|Any CPU.ActiveCfg = Debug|Any CPU
		{16EE7C3C-2005-433E-B895-2BE3C01A970D}.Debug|Any CPU.Build.0 = Debug|Any CPU
		{16EE7C3C-2005-433E-B895-2BE3C01A970D}.Release|Any CPU.ActiveCfg = Release|Any CPU
		{16EE7C3C-2005-433E-B895-2BE3C01A970D}.Release|Any CPU.Build.0 = Release|Any CPU
		{42153E02-8F38-4A74-A7C0-26DA11C63A7A}.Debug|Any CPU.ActiveCfg = Debug|Any CPU
		{42153E02-8F38-4A74-A7C0-26DA11C63A7A}.Debug|Any CPU.Build.0 = Debug|Any CPU
		{42153E02-8F38-4A74-A7C0-26DA11C63A7A}.Release|Any CPU.ActiveCfg = Release|Any CPU
		{42153E02-8F38-4A74-A7C0-26DA11C63A7A}.Release|Any CPU.Build.0 = Release|Any CPU
	EndGlobalSection
	GlobalSection(SolutionProperties) = preSolution
		HideSolutionNode = FALSE
	EndGlobalSection
	GlobalSection(ExtensibilityGlobals) = postSolution
		SolutionGuid = {37224DE2-379D-4FEE-957C-662A211E5A5F}
	EndGlobalSection
EndGlobal
